{
	"name": "svelte-static-template",
	"version": "1.0.0",
	"lockfileVersion": 2,
	"requires": true,
	"packages": {
		"": {
			"name": "svelte-static-template",
			"version": "1.0.0",
			"dependencies": {
				"fire": "npm:fire-lib-js@^0.2.3"
			},
			"devDependencies": {
				"@rollup/plugin-replace": "^5.0.2",
				"@sveltejs/vite-plugin-svelte": "^2.0.2",
				"express": "^4.18",
				"node-fetch": "^3.3.1",
				"svelte": "^3.58.0",
				"vite": "^4.3.0"
			}
		},
		"node_modules/@esbuild/win32-x64": {
			"version": "0.17.18",
			"cpu": [
				"x64"
			],
			"dev": true,
			"license": "MIT",
			"optional": true,
			"os": [
				"win32"
			],
			"engines": {
				"node": ">=12"
			}
		},
		"node_modules/@jridgewell/sourcemap-codec": {
			"version": "1.4.15",
			"dev": true,
			"license": "MIT"
		},
		"node_modules/@rollup/plugin-replace": {
			"version": "5.0.2",
			"dev": true,
			"license": "MIT",
			"dependencies": {
				"@rollup/pluginutils": "^5.0.1",
				"magic-string": "^0.27.0"
			},
			"engines": {
				"node": ">=14.0.0"
			},
			"peerDependencies": {
				"rollup": "^1.20.0||^2.0.0||^3.0.0"
			},
			"peerDependenciesMeta": {
				"rollup": {
					"optional": true
				}
			}
		},
		"node_modules/@rollup/plugin-replace/node_modules/magic-string": {
			"version": "0.27.0",
			"dev": true,
			"license": "MIT",
			"dependencies": {
				"@jridgewell/sourcemap-codec": "^1.4.13"
			},
			"engines": {
				"node": ">=12"
			}
		},
		"node_modules/@rollup/pluginutils": {
			"version": "5.0.2",
			"dev": true,
			"license": "MIT",
			"dependencies": {
				"@types/estree": "^1.0.0",
				"estree-walker": "^2.0.2",
				"picomatch": "^2.3.1"
			},
			"engines": {
				"node": ">=14.0.0"
			},
			"peerDependencies": {
				"rollup": "^1.20.0||^2.0.0||^3.0.0"
			},
			"peerDependenciesMeta": {
				"rollup": {
					"optional": true
				}
			}
		},
		"node_modules/@sveltejs/vite-plugin-svelte": {
			"version": "2.1.1",
			"dev": true,
			"license": "MIT",
			"dependencies": {
				"debug": "^4.3.4",
				"deepmerge": "^4.3.1",
				"kleur": "^4.1.5",
				"magic-string": "^0.30.0",
				"svelte-hmr": "^0.15.1",
				"vitefu": "^0.2.4"
			},
			"engines": {
				"node": "^14.18.0 || >= 16"
			},
			"peerDependencies": {
				"svelte": "^3.54.0",
				"vite": "^4.0.0"
			}
		},
		"node_modules/@types/estree": {
			"version": "1.0.1",
			"dev": true,
			"license": "MIT"
		},
		"node_modules/accepts": {
			"version": "1.3.8",
			"dev": true,
			"license": "MIT",
			"dependencies": {
				"mime-types": "~2.1.34",
				"negotiator": "0.6.3"
			},
			"engines": {
				"node": ">= 0.6"
			}
		},
		"node_modules/anymatch": {
			"version": "3.1.3",
			"dev": true,
			"license": "ISC",
			"optional": true,
			"peer": true,
			"dependencies": {
				"normalize-path": "^3.0.0",
				"picomatch": "^2.0.4"
			},
			"engines": {
				"node": ">= 8"
			}
		},
		"node_modules/array-flatten": {
			"version": "1.1.1",
			"dev": true,
			"license": "MIT"
		},
		"node_modules/binary-extensions": {
			"version": "2.2.0",
			"dev": true,
			"license": "MIT",
			"optional": true,
			"peer": true,
			"engines": {
				"node": ">=8"
			}
		},
		"node_modules/body-parser": {
			"version": "1.20.1",
			"dev": true,
			"license": "MIT",
			"dependencies": {
				"bytes": "3.1.2",
				"content-type": "~1.0.4",
				"debug": "2.6.9",
				"depd": "2.0.0",
				"destroy": "1.2.0",
				"http-errors": "2.0.0",
				"iconv-lite": "0.4.24",
				"on-finished": "2.4.1",
				"qs": "6.11.0",
				"raw-body": "2.5.1",
				"type-is": "~1.6.18",
				"unpipe": "1.0.0"
			},
			"engines": {
				"node": ">= 0.8",
				"npm": "1.2.8000 || >= 1.4.16"
			}
		},
		"node_modules/body-parser/node_modules/debug": {
			"version": "2.6.9",
			"dev": true,
			"license": "MIT",
			"dependencies": {
				"ms": "2.0.0"
			}
		},
		"node_modules/body-parser/node_modules/ms": {
			"version": "2.0.0",
			"dev": true,
			"license": "MIT"
		},
		"node_modules/braces": {
			"version": "3.0.2",
			"dev": true,
			"license": "MIT",
			"optional": true,
			"peer": true,
			"dependencies": {
				"fill-range": "^7.0.1"
			},
			"engines": {
				"node": ">=8"
			}
		},
		"node_modules/bytes": {
			"version": "3.1.2",
			"dev": true,
			"license": "MIT",
			"engines": {
				"node": ">= 0.8"
			}
		},
		"node_modules/call-bind": {
			"version": "1.0.2",
			"dev": true,
			"license": "MIT",
			"dependencies": {
				"function-bind": "^1.1.1",
				"get-intrinsic": "^1.0.2"
			},
			"funding": {
				"url": "https://github.com/sponsors/ljharb"
			}
		},
		"node_modules/chokidar": {
			"version": "3.5.3",
			"dev": true,
			"funding": [
				{
					"type": "individual",
					"url": "https://paulmillr.com/funding/"
				}
			],
			"license": "MIT",
			"optional": true,
			"peer": true,
			"dependencies": {
				"anymatch": "~3.1.2",
				"braces": "~3.0.2",
				"glob-parent": "~5.1.2",
				"is-binary-path": "~2.1.0",
				"is-glob": "~4.0.1",
				"normalize-path": "~3.0.0",
				"readdirp": "~3.6.0"
			},
			"engines": {
				"node": ">= 8.10.0"
			},
			"optionalDependencies": {
				"fsevents": "~2.3.2"
			}
		},
		"node_modules/content-disposition": {
			"version": "0.5.4",
			"dev": true,
			"license": "MIT",
			"dependencies": {
				"safe-buffer": "5.2.1"
			},
			"engines": {
				"node": ">= 0.6"
			}
		},
		"node_modules/content-type": {
			"version": "1.0.5",
			"dev": true,
			"license": "MIT",
			"engines": {
				"node": ">= 0.6"
			}
		},
		"node_modules/cookie": {
			"version": "0.5.0",
			"dev": true,
			"license": "MIT",
			"engines": {
				"node": ">= 0.6"
			}
		},
		"node_modules/cookie-signature": {
			"version": "1.0.6",
			"dev": true,
			"license": "MIT"
		},
		"node_modules/data-uri-to-buffer": {
			"version": "4.0.1",
			"dev": true,
			"license": "MIT",
			"engines": {
				"node": ">= 12"
			}
		},
		"node_modules/debug": {
			"version": "4.3.4",
			"dev": true,
			"license": "MIT",
			"dependencies": {
				"ms": "2.1.2"
			},
			"engines": {
				"node": ">=6.0"
			},
			"peerDependenciesMeta": {
				"supports-color": {
					"optional": true
				}
			}
		},
		"node_modules/deepmerge": {
			"version": "4.3.1",
			"dev": true,
			"license": "MIT",
			"engines": {
				"node": ">=0.10.0"
			}
		},
		"node_modules/depd": {
			"version": "2.0.0",
			"dev": true,
			"license": "MIT",
			"engines": {
				"node": ">= 0.8"
			}
		},
		"node_modules/destroy": {
			"version": "1.2.0",
			"dev": true,
			"license": "MIT",
			"engines": {
				"node": ">= 0.8",
				"npm": "1.2.8000 || >= 1.4.16"
			}
		},
		"node_modules/ee-first": {
			"version": "1.1.1",
			"dev": true,
			"license": "MIT"
		},
		"node_modules/encodeurl": {
			"version": "1.0.2",
			"dev": true,
			"license": "MIT",
			"engines": {
				"node": ">= 0.8"
			}
		},
		"node_modules/esbuild": {
			"version": "0.17.18",
			"dev": true,
			"hasInstallScript": true,
			"license": "MIT",
			"bin": {
				"esbuild": "bin/esbuild"
			},
			"engines": {
				"node": ">=12"
			},
			"optionalDependencies": {
				"@esbuild/android-arm": "0.17.18",
				"@esbuild/android-arm64": "0.17.18",
				"@esbuild/android-x64": "0.17.18",
				"@esbuild/darwin-arm64": "0.17.18",
				"@esbuild/darwin-x64": "0.17.18",
				"@esbuild/freebsd-arm64": "0.17.18",
				"@esbuild/freebsd-x64": "0.17.18",
				"@esbuild/linux-arm": "0.17.18",
				"@esbuild/linux-arm64": "0.17.18",
				"@esbuild/linux-ia32": "0.17.18",
				"@esbuild/linux-loong64": "0.17.18",
				"@esbuild/linux-mips64el": "0.17.18",
				"@esbuild/linux-ppc64": "0.17.18",
				"@esbuild/linux-riscv64": "0.17.18",
				"@esbuild/linux-s390x": "0.17.18",
				"@esbuild/linux-x64": "0.17.18",
				"@esbuild/netbsd-x64": "0.17.18",
				"@esbuild/openbsd-x64": "0.17.18",
				"@esbuild/sunos-x64": "0.17.18",
				"@esbuild/win32-arm64": "0.17.18",
				"@esbuild/win32-ia32": "0.17.18",
				"@esbuild/win32-x64": "0.17.18"
			}
		},
		"node_modules/escape-html": {
			"version": "1.0.3",
			"dev": true,
			"license": "MIT"
		},
		"node_modules/estree-walker": {
			"version": "2.0.2",
			"dev": true,
			"license": "MIT"
		},
		"node_modules/etag": {
			"version": "1.8.1",
			"dev": true,
			"license": "MIT",
			"engines": {
				"node": ">= 0.6"
			}
		},
		"node_modules/express": {
			"version": "4.18.2",
			"dev": true,
			"license": "MIT",
			"dependencies": {
				"accepts": "~1.3.8",
				"array-flatten": "1.1.1",
				"body-parser": "1.20.1",
				"content-disposition": "0.5.4",
				"content-type": "~1.0.4",
				"cookie": "0.5.0",
				"cookie-signature": "1.0.6",
				"debug": "2.6.9",
				"depd": "2.0.0",
				"encodeurl": "~1.0.2",
				"escape-html": "~1.0.3",
				"etag": "~1.8.1",
				"finalhandler": "1.2.0",
				"fresh": "0.5.2",
				"http-errors": "2.0.0",
				"merge-descriptors": "1.0.1",
				"methods": "~1.1.2",
				"on-finished": "2.4.1",
				"parseurl": "~1.3.3",
				"path-to-regexp": "0.1.7",
				"proxy-addr": "~2.0.7",
				"qs": "6.11.0",
				"range-parser": "~1.2.1",
				"safe-buffer": "5.2.1",
				"send": "0.18.0",
				"serve-static": "1.15.0",
				"setprototypeof": "1.2.0",
				"statuses": "2.0.1",
				"type-is": "~1.6.18",
				"utils-merge": "1.0.1",
				"vary": "~1.1.2"
			},
			"engines": {
				"node": ">= 0.10.0"
			}
		},
		"node_modules/express/node_modules/debug": {
			"version": "2.6.9",
			"dev": true,
			"license": "MIT",
			"dependencies": {
				"ms": "2.0.0"
			}
		},
		"node_modules/express/node_modules/ms": {
			"version": "2.0.0",
			"dev": true,
			"license": "MIT"
		},
		"node_modules/fetch-blob": {
			"version": "3.2.0",
			"dev": true,
			"funding": [
				{
					"type": "github",
					"url": "https://github.com/sponsors/jimmywarting"
				},
				{
					"type": "paypal",
					"url": "https://paypal.me/jimmywarting"
				}
			],
			"license": "MIT",
			"dependencies": {
				"node-domexception": "^1.0.0",
				"web-streams-polyfill": "^3.0.3"
			},
			"engines": {
				"node": "^12.20 || >= 14.13"
			}
		},
		"node_modules/fill-range": {
			"version": "7.0.1",
			"dev": true,
			"license": "MIT",
			"optional": true,
			"peer": true,
			"dependencies": {
				"to-regex-range": "^5.0.1"
			},
			"engines": {
				"node": ">=8"
			}
		},
		"node_modules/finalhandler": {
			"version": "1.2.0",
			"dev": true,
			"license": "MIT",
			"dependencies": {
				"debug": "2.6.9",
				"encodeurl": "~1.0.2",
				"escape-html": "~1.0.3",
				"on-finished": "2.4.1",
				"parseurl": "~1.3.3",
				"statuses": "2.0.1",
				"unpipe": "~1.0.0"
			},
			"engines": {
				"node": ">= 0.8"
			}
		},
		"node_modules/finalhandler/node_modules/debug": {
			"version": "2.6.9",
			"dev": true,
			"license": "MIT",
			"dependencies": {
				"ms": "2.0.0"
			}
		},
		"node_modules/finalhandler/node_modules/ms": {
			"version": "2.0.0",
			"dev": true,
			"license": "MIT"
		},
		"node_modules/fire": {
			"name": "fire-lib-js",
			"version": "0.2.3",
			"license": "MIT or Apache-2.0"
		},
		"node_modules/formdata-polyfill": {
			"version": "4.0.10",
			"dev": true,
			"license": "MIT",
			"dependencies": {
				"fetch-blob": "^3.1.2"
			},
			"engines": {
				"node": ">=12.20.0"
			}
		},
		"node_modules/forwarded": {
			"version": "0.2.0",
			"dev": true,
			"license": "MIT",
			"engines": {
				"node": ">= 0.6"
			}
		},
		"node_modules/fresh": {
			"version": "0.5.2",
			"dev": true,
			"license": "MIT",
			"engines": {
				"node": ">= 0.6"
			}
		},
		"node_modules/function-bind": {
			"version": "1.1.1",
			"dev": true,
			"license": "MIT"
		},
		"node_modules/get-intrinsic": {
			"version": "1.2.0",
			"dev": true,
			"license": "MIT",
			"dependencies": {
				"function-bind": "^1.1.1",
				"has": "^1.0.3",
				"has-symbols": "^1.0.3"
			},
			"funding": {
				"url": "https://github.com/sponsors/ljharb"
			}
		},
		"node_modules/glob-parent": {
			"version": "5.1.2",
			"dev": true,
			"license": "ISC",
			"optional": true,
			"peer": true,
			"dependencies": {
				"is-glob": "^4.0.1"
			},
			"engines": {
				"node": ">= 6"
			}
		},
		"node_modules/has": {
			"version": "1.0.3",
			"dev": true,
			"license": "MIT",
			"dependencies": {
				"function-bind": "^1.1.1"
			},
			"engines": {
				"node": ">= 0.4.0"
			}
		},
		"node_modules/has-symbols": {
			"version": "1.0.3",
			"dev": true,
			"license": "MIT",
			"engines": {
				"node": ">= 0.4"
			},
			"funding": {
				"url": "https://github.com/sponsors/ljharb"
			}
		},
		"node_modules/http-errors": {
			"version": "2.0.0",
			"dev": true,
			"license": "MIT",
			"dependencies": {
				"depd": "2.0.0",
				"inherits": "2.0.4",
				"setprototypeof": "1.2.0",
				"statuses": "2.0.1",
				"toidentifier": "1.0.1"
			},
			"engines": {
				"node": ">= 0.8"
			}
		},
		"node_modules/iconv-lite": {
			"version": "0.4.24",
			"dev": true,
			"license": "MIT",
			"dependencies": {
				"safer-buffer": ">= 2.1.2 < 3"
			},
			"engines": {
				"node": ">=0.10.0"
			}
		},
		"node_modules/immutable": {
			"version": "4.3.0",
			"dev": true,
			"license": "MIT",
			"optional": true,
			"peer": true
		},
		"node_modules/inherits": {
			"version": "2.0.4",
			"dev": true,
			"license": "ISC"
		},
		"node_modules/ipaddr.js": {
			"version": "1.9.1",
			"dev": true,
			"license": "MIT",
			"engines": {
				"node": ">= 0.10"
			}
		},
		"node_modules/is-binary-path": {
			"version": "2.1.0",
			"dev": true,
			"license": "MIT",
			"optional": true,
			"peer": true,
			"dependencies": {
				"binary-extensions": "^2.0.0"
			},
			"engines": {
				"node": ">=8"
			}
		},
		"node_modules/is-extglob": {
			"version": "2.1.1",
			"dev": true,
			"license": "MIT",
			"optional": true,
			"peer": true,
			"engines": {
				"node": ">=0.10.0"
			}
		},
		"node_modules/is-glob": {
			"version": "4.0.3",
			"dev": true,
			"license": "MIT",
			"optional": true,
			"peer": true,
			"dependencies": {
				"is-extglob": "^2.1.1"
			},
			"engines": {
				"node": ">=0.10.0"
			}
		},
		"node_modules/is-number": {
			"version": "7.0.0",
			"dev": true,
			"license": "MIT",
			"optional": true,
			"peer": true,
			"engines": {
				"node": ">=0.12.0"
			}
		},
		"node_modules/kleur": {
			"version": "4.1.5",
			"dev": true,
			"license": "MIT",
			"engines": {
				"node": ">=6"
			}
		},
		"node_modules/magic-string": {
			"version": "0.30.0",
			"dev": true,
			"license": "MIT",
			"dependencies": {
				"@jridgewell/sourcemap-codec": "^1.4.13"
			},
			"engines": {
				"node": ">=12"
			}
		},
		"node_modules/media-typer": {
			"version": "0.3.0",
			"dev": true,
			"license": "MIT",
			"engines": {
				"node": ">= 0.6"
			}
		},
		"node_modules/merge-descriptors": {
			"version": "1.0.1",
			"dev": true,
			"license": "MIT"
		},
		"node_modules/methods": {
			"version": "1.1.2",
			"dev": true,
			"license": "MIT",
			"engines": {
				"node": ">= 0.6"
			}
		},
		"node_modules/mime": {
			"version": "1.6.0",
			"dev": true,
			"license": "MIT",
			"bin": {
				"mime": "cli.js"
			},
			"engines": {
				"node": ">=4"
			}
		},
		"node_modules/mime-db": {
			"version": "1.52.0",
			"dev": true,
			"license": "MIT",
			"engines": {
				"node": ">= 0.6"
			}
		},
		"node_modules/mime-types": {
			"version": "2.1.35",
			"dev": true,
			"license": "MIT",
			"dependencies": {
				"mime-db": "1.52.0"
			},
			"engines": {
				"node": ">= 0.6"
			}
		},
		"node_modules/ms": {
			"version": "2.1.2",
			"dev": true,
			"license": "MIT"
		},
		"node_modules/nanoid": {
			"version": "3.3.6",
			"dev": true,
			"funding": [
				{
					"type": "github",
					"url": "https://github.com/sponsors/ai"
				}
			],
			"license": "MIT",
			"bin": {
				"nanoid": "bin/nanoid.cjs"
			},
			"engines": {
				"node": "^10 || ^12 || ^13.7 || ^14 || >=15.0.1"
			}
		},
		"node_modules/negotiator": {
			"version": "0.6.3",
			"dev": true,
			"license": "MIT",
			"engines": {
				"node": ">= 0.6"
			}
		},
		"node_modules/node-domexception": {
			"version": "1.0.0",
			"dev": true,
			"funding": [
				{
					"type": "github",
					"url": "https://github.com/sponsors/jimmywarting"
				},
				{
					"type": "github",
					"url": "https://paypal.me/jimmywarting"
				}
			],
			"license": "MIT",
			"engines": {
				"node": ">=10.5.0"
			}
		},
		"node_modules/node-fetch": {
			"version": "3.3.1",
			"dev": true,
			"license": "MIT",
			"dependencies": {
				"data-uri-to-buffer": "^4.0.0",
				"fetch-blob": "^3.1.4",
				"formdata-polyfill": "^4.0.10"
			},
			"engines": {
				"node": "^12.20.0 || ^14.13.1 || >=16.0.0"
			},
			"funding": {
				"type": "opencollective",
				"url": "https://opencollective.com/node-fetch"
			}
		},
		"node_modules/normalize-path": {
			"version": "3.0.0",
			"dev": true,
			"license": "MIT",
			"optional": true,
			"peer": true,
			"engines": {
				"node": ">=0.10.0"
			}
		},
		"node_modules/object-inspect": {
			"version": "1.12.3",
			"dev": true,
			"license": "MIT",
			"funding": {
				"url": "https://github.com/sponsors/ljharb"
			}
		},
		"node_modules/on-finished": {
			"version": "2.4.1",
			"dev": true,
			"license": "MIT",
			"dependencies": {
				"ee-first": "1.1.1"
			},
			"engines": {
				"node": ">= 0.8"
			}
		},
		"node_modules/parseurl": {
			"version": "1.3.3",
			"dev": true,
			"license": "MIT",
			"engines": {
				"node": ">= 0.8"
			}
		},
		"node_modules/path-to-regexp": {
			"version": "0.1.7",
			"dev": true,
			"license": "MIT"
		},
		"node_modules/picocolors": {
			"version": "1.0.0",
			"dev": true,
			"license": "ISC"
		},
		"node_modules/picomatch": {
			"version": "2.3.1",
			"dev": true,
			"license": "MIT",
			"engines": {
				"node": ">=8.6"
			},
			"funding": {
				"url": "https://github.com/sponsors/jonschlinkert"
			}
		},
		"node_modules/postcss": {
			"version": "8.4.23",
			"dev": true,
			"funding": [
				{
					"type": "opencollective",
					"url": "https://opencollective.com/postcss/"
				},
				{
					"type": "tidelift",
					"url": "https://tidelift.com/funding/github/npm/postcss"
				},
				{
					"type": "github",
					"url": "https://github.com/sponsors/ai"
				}
			],
			"license": "MIT",
			"dependencies": {
				"nanoid": "^3.3.6",
				"picocolors": "^1.0.0",
				"source-map-js": "^1.0.2"
			},
			"engines": {
				"node": "^10 || ^12 || >=14"
			}
		},
		"node_modules/proxy-addr": {
			"version": "2.0.7",
			"dev": true,
			"license": "MIT",
			"dependencies": {
				"forwarded": "0.2.0",
				"ipaddr.js": "1.9.1"
			},
			"engines": {
				"node": ">= 0.10"
			}
		},
		"node_modules/qs": {
			"version": "6.11.0",
			"dev": true,
			"license": "BSD-3-Clause",
			"dependencies": {
				"side-channel": "^1.0.4"
			},
			"engines": {
				"node": ">=0.6"
			},
			"funding": {
				"url": "https://github.com/sponsors/ljharb"
			}
		},
		"node_modules/range-parser": {
			"version": "1.2.1",
			"dev": true,
			"license": "MIT",
			"engines": {
				"node": ">= 0.6"
			}
		},
		"node_modules/raw-body": {
			"version": "2.5.1",
			"dev": true,
			"license": "MIT",
			"dependencies": {
				"bytes": "3.1.2",
				"http-errors": "2.0.0",
				"iconv-lite": "0.4.24",
				"unpipe": "1.0.0"
			},
			"engines": {
				"node": ">= 0.8"
			}
		},
		"node_modules/readdirp": {
			"version": "3.6.0",
			"dev": true,
			"license": "MIT",
			"optional": true,
			"peer": true,
			"dependencies": {
				"picomatch": "^2.2.1"
			},
			"engines": {
				"node": ">=8.10.0"
			}
		},
		"node_modules/rollup": {
			"version": "3.21.0",
			"dev": true,
			"license": "MIT",
			"bin": {
				"rollup": "dist/bin/rollup"
			},
			"engines": {
				"node": ">=14.18.0",
				"npm": ">=8.0.0"
			},
			"optionalDependencies": {
				"fsevents": "~2.3.2"
			}
		},
		"node_modules/safe-buffer": {
			"version": "5.2.1",
			"dev": true,
			"funding": [
				{
					"type": "github",
					"url": "https://github.com/sponsors/feross"
				},
				{
					"type": "patreon",
					"url": "https://www.patreon.com/feross"
				},
				{
					"type": "consulting",
					"url": "https://feross.org/support"
				}
			],
			"license": "MIT"
		},
		"node_modules/safer-buffer": {
			"version": "2.1.2",
			"dev": true,
			"license": "MIT"
		},
		"node_modules/sass": {
			"version": "1.62.1",
			"dev": true,
			"license": "MIT",
			"optional": true,
			"peer": true,
			"dependencies": {
				"chokidar": ">=3.0.0 <4.0.0",
				"immutable": "^4.0.0",
				"source-map-js": ">=0.6.2 <2.0.0"
			},
			"bin": {
				"sass": "sass.js"
			},
			"engines": {
				"node": ">=14.0.0"
			}
		},
		"node_modules/send": {
			"version": "0.18.0",
			"dev": true,
			"license": "MIT",
			"dependencies": {
				"debug": "2.6.9",
				"depd": "2.0.0",
				"destroy": "1.2.0",
				"encodeurl": "~1.0.2",
				"escape-html": "~1.0.3",
				"etag": "~1.8.1",
				"fresh": "0.5.2",
				"http-errors": "2.0.0",
				"mime": "1.6.0",
				"ms": "2.1.3",
				"on-finished": "2.4.1",
				"range-parser": "~1.2.1",
				"statuses": "2.0.1"
			},
			"engines": {
				"node": ">= 0.8.0"
			}
		},
		"node_modules/send/node_modules/debug": {
			"version": "2.6.9",
			"dev": true,
			"license": "MIT",
			"dependencies": {
				"ms": "2.0.0"
			}
		},
		"node_modules/send/node_modules/debug/node_modules/ms": {
			"version": "2.0.0",
			"dev": true,
			"license": "MIT"
		},
		"node_modules/send/node_modules/ms": {
			"version": "2.1.3",
			"dev": true,
			"license": "MIT"
		},
		"node_modules/serve-static": {
			"version": "1.15.0",
			"dev": true,
			"license": "MIT",
			"dependencies": {
				"encodeurl": "~1.0.2",
				"escape-html": "~1.0.3",
				"parseurl": "~1.3.3",
				"send": "0.18.0"
			},
			"engines": {
				"node": ">= 0.8.0"
			}
		},
		"node_modules/setprototypeof": {
			"version": "1.2.0",
			"dev": true,
			"license": "ISC"
		},
		"node_modules/side-channel": {
			"version": "1.0.4",
			"dev": true,
			"license": "MIT",
			"dependencies": {
				"call-bind": "^1.0.0",
				"get-intrinsic": "^1.0.2",
				"object-inspect": "^1.9.0"
			},
			"funding": {
				"url": "https://github.com/sponsors/ljharb"
			}
		},
		"node_modules/source-map-js": {
			"version": "1.0.2",
			"dev": true,
			"license": "BSD-3-Clause",
			"engines": {
				"node": ">=0.10.0"
			}
		},
		"node_modules/statuses": {
			"version": "2.0.1",
			"dev": true,
			"license": "MIT",
			"engines": {
				"node": ">= 0.8"
			}
		},
		"node_modules/svelte": {
			"version": "3.58.0",
			"dev": true,
			"license": "MIT",
			"engines": {
				"node": ">= 8"
			}
		},
		"node_modules/svelte-hmr": {
			"version": "0.15.1",
			"dev": true,
			"license": "ISC",
			"engines": {
				"node": "^12.20 || ^14.13.1 || >= 16"
			},
			"peerDependencies": {
				"svelte": ">=3.19.0"
			}
		},
		"node_modules/to-regex-range": {
			"version": "5.0.1",
			"dev": true,
			"license": "MIT",
			"optional": true,
			"peer": true,
			"dependencies": {
				"is-number": "^7.0.0"
			},
			"engines": {
				"node": ">=8.0"
			}
		},
		"node_modules/toidentifier": {
			"version": "1.0.1",
			"dev": true,
			"license": "MIT",
			"engines": {
				"node": ">=0.6"
			}
		},
		"node_modules/type-is": {
			"version": "1.6.18",
			"dev": true,
			"license": "MIT",
			"dependencies": {
				"media-typer": "0.3.0",
				"mime-types": "~2.1.24"
			},
			"engines": {
				"node": ">= 0.6"
			}
		},
		"node_modules/unpipe": {
			"version": "1.0.0",
			"dev": true,
			"license": "MIT",
			"engines": {
				"node": ">= 0.8"
			}
		},
		"node_modules/utils-merge": {
			"version": "1.0.1",
			"dev": true,
			"license": "MIT",
			"engines": {
				"node": ">= 0.4.0"
			}
		},
		"node_modules/vary": {
			"version": "1.1.2",
			"dev": true,
			"license": "MIT",
			"engines": {
				"node": ">= 0.8"
			}
		},
		"node_modules/vite": {
			"version": "4.3.3",
			"dev": true,
			"license": "MIT",
			"dependencies": {
				"esbuild": "^0.17.5",
				"postcss": "^8.4.23",
				"rollup": "^3.21.0"
			},
			"bin": {
				"vite": "bin/vite.js"
			},
			"engines": {
				"node": "^14.18.0 || >=16.0.0"
			},
			"optionalDependencies": {
				"fsevents": "~2.3.2"
			},
			"peerDependencies": {
				"@types/node": ">= 14",
				"less": "*",
				"sass": "*",
				"stylus": "*",
				"sugarss": "*",
				"terser": "^5.4.0"
			},
			"peerDependenciesMeta": {
				"@types/node": {
					"optional": true
				},
				"less": {
					"optional": true
				},
				"sass": {
					"optional": true
				},
				"stylus": {
					"optional": true
				},
				"sugarss": {
					"optional": true
				},
				"terser": {
					"optional": true
				}
			}
		},
		"node_modules/vitefu": {
			"version": "0.2.4",
			"dev": true,
			"license": "MIT",
			"peerDependencies": {
				"vite": "^3.0.0 || ^4.0.0"
			},
			"peerDependenciesMeta": {
				"vite": {
					"optional": true
				}
			}
		},
		"node_modules/web-streams-polyfill": {
			"version": "3.2.1",
			"dev": true,
			"license": "MIT",
			"engines": {
				"node": ">= 8"
			}
		}
	},
	"dependencies": {
		"@esbuild/win32-x64": {
			"version": "0.17.18",
			"dev": true,
			"optional": true
		},
		"@jridgewell/sourcemap-codec": {
			"version": "1.4.15",
			"dev": true
		},
		"@rollup/plugin-replace": {
			"version": "5.0.2",
			"dev": true,
			"requires": {
				"@rollup/pluginutils": "^5.0.1",
				"magic-string": "^0.27.0"
			},
			"dependencies": {
				"magic-string": {
					"version": "0.27.0",
					"dev": true,
					"requires": {
						"@jridgewell/sourcemap-codec": "^1.4.13"
					}
				}
			}
		},
		"@rollup/pluginutils": {
			"version": "5.0.2",
			"dev": true,
			"requires": {
				"@types/estree": "^1.0.0",
				"estree-walker": "^2.0.2",
				"picomatch": "^2.3.1"
			}
		},
		"@sveltejs/vite-plugin-svelte": {
			"version": "2.1.1",
			"dev": true,
			"requires": {
				"debug": "^4.3.4",
				"deepmerge": "^4.3.1",
				"kleur": "^4.1.5",
				"magic-string": "^0.30.0",
				"svelte-hmr": "^0.15.1",
				"vitefu": "^0.2.4"
			}
		},
		"@types/estree": {
			"version": "1.0.1",
			"dev": true
		},
		"accepts": {
			"version": "1.3.8",
			"dev": true,
			"requires": {
				"mime-types": "~2.1.34",
				"negotiator": "0.6.3"
			}
		},
		"anymatch": {
			"version": "3.1.3",
			"dev": true,
			"optional": true,
			"peer": true,
			"requires": {
				"normalize-path": "^3.0.0",
				"picomatch": "^2.0.4"
			}
		},
		"array-flatten": {
			"version": "1.1.1",
			"dev": true
		},
		"binary-extensions": {
			"version": "2.2.0",
			"dev": true,
			"optional": true,
			"peer": true
		},
		"body-parser": {
			"version": "1.20.1",
			"dev": true,
			"requires": {
				"bytes": "3.1.2",
				"content-type": "~1.0.4",
				"debug": "2.6.9",
				"depd": "2.0.0",
				"destroy": "1.2.0",
				"http-errors": "2.0.0",
				"iconv-lite": "0.4.24",
				"on-finished": "2.4.1",
				"qs": "6.11.0",
				"raw-body": "2.5.1",
				"type-is": "~1.6.18",
				"unpipe": "1.0.0"
			},
			"dependencies": {
				"debug": {
					"version": "2.6.9",
					"dev": true,
					"requires": {
						"ms": "2.0.0"
					}
				},
				"ms": {
					"version": "2.0.0",
					"dev": true
				}
			}
		},
		"braces": {
			"version": "3.0.2",
			"dev": true,
			"optional": true,
			"peer": true,
			"requires": {
				"fill-range": "^7.0.1"
			}
		},
		"bytes": {
			"version": "3.1.2",
			"dev": true
		},
		"call-bind": {
			"version": "1.0.2",
			"dev": true,
			"requires": {
				"function-bind": "^1.1.1",
				"get-intrinsic": "^1.0.2"
			}
		},
		"chokidar": {
			"version": "3.5.3",
			"dev": true,
			"optional": true,
			"peer": true,
			"requires": {
				"anymatch": "~3.1.2",
				"braces": "~3.0.2",
				"fsevents": "~2.3.2",
				"glob-parent": "~5.1.2",
				"is-binary-path": "~2.1.0",
				"is-glob": "~4.0.1",
				"normalize-path": "~3.0.0",
				"readdirp": "~3.6.0"
			}
		},
		"content-disposition": {
			"version": "0.5.4",
			"dev": true,
			"requires": {
				"safe-buffer": "5.2.1"
			}
		},
		"content-type": {
			"version": "1.0.5",
			"dev": true
		},
		"cookie": {
			"version": "0.5.0",
			"dev": true
		},
		"cookie-signature": {
			"version": "1.0.6",
			"dev": true
		},
		"data-uri-to-buffer": {
			"version": "4.0.1",
			"dev": true
		},
		"debug": {
			"version": "4.3.4",
			"dev": true,
			"requires": {
				"ms": "2.1.2"
			}
		},
		"deepmerge": {
			"version": "4.3.1",
			"dev": true
		},
		"depd": {
			"version": "2.0.0",
			"dev": true
		},
		"destroy": {
			"version": "1.2.0",
			"dev": true
		},
		"ee-first": {
			"version": "1.1.1",
			"dev": true
		},
		"encodeurl": {
			"version": "1.0.2",
			"dev": true
		},
		"esbuild": {
			"version": "0.17.18",
			"dev": true,
			"requires": {
				"@esbuild/android-arm": "0.17.18",
				"@esbuild/android-arm64": "0.17.18",
				"@esbuild/android-x64": "0.17.18",
				"@esbuild/darwin-arm64": "0.17.18",
				"@esbuild/darwin-x64": "0.17.18",
				"@esbuild/freebsd-arm64": "0.17.18",
				"@esbuild/freebsd-x64": "0.17.18",
				"@esbuild/linux-arm": "0.17.18",
				"@esbuild/linux-arm64": "0.17.18",
				"@esbuild/linux-ia32": "0.17.18",
				"@esbuild/linux-loong64": "0.17.18",
				"@esbuild/linux-mips64el": "0.17.18",
				"@esbuild/linux-ppc64": "0.17.18",
				"@esbuild/linux-riscv64": "0.17.18",
				"@esbuild/linux-s390x": "0.17.18",
				"@esbuild/linux-x64": "0.17.18",
				"@esbuild/netbsd-x64": "0.17.18",
				"@esbuild/openbsd-x64": "0.17.18",
				"@esbuild/sunos-x64": "0.17.18",
				"@esbuild/win32-arm64": "0.17.18",
				"@esbuild/win32-ia32": "0.17.18",
				"@esbuild/win32-x64": "0.17.18"
			}
		},
		"escape-html": {
			"version": "1.0.3",
			"dev": true
		},
		"estree-walker": {
			"version": "2.0.2",
			"dev": true
		},
		"etag": {
			"version": "1.8.1",
			"dev": true
		},
		"express": {
			"version": "4.18.2",
			"dev": true,
			"requires": {
				"accepts": "~1.3.8",
				"array-flatten": "1.1.1",
				"body-parser": "1.20.1",
				"content-disposition": "0.5.4",
				"content-type": "~1.0.4",
				"cookie": "0.5.0",
				"cookie-signature": "1.0.6",
				"debug": "2.6.9",
				"depd": "2.0.0",
				"encodeurl": "~1.0.2",
				"escape-html": "~1.0.3",
				"etag": "~1.8.1",
				"finalhandler": "1.2.0",
				"fresh": "0.5.2",
				"http-errors": "2.0.0",
				"merge-descriptors": "1.0.1",
				"methods": "~1.1.2",
				"on-finished": "2.4.1",
				"parseurl": "~1.3.3",
				"path-to-regexp": "0.1.7",
				"proxy-addr": "~2.0.7",
				"qs": "6.11.0",
				"range-parser": "~1.2.1",
				"safe-buffer": "5.2.1",
				"send": "0.18.0",
				"serve-static": "1.15.0",
				"setprototypeof": "1.2.0",
				"statuses": "2.0.1",
				"type-is": "~1.6.18",
				"utils-merge": "1.0.1",
				"vary": "~1.1.2"
			},
			"dependencies": {
				"debug": {
					"version": "2.6.9",
					"dev": true,
					"requires": {
						"ms": "2.0.0"
					}
				},
				"ms": {
					"version": "2.0.0",
					"dev": true
				}
			}
		},
		"fetch-blob": {
			"version": "3.2.0",
			"dev": true,
			"requires": {
				"node-domexception": "^1.0.0",
				"web-streams-polyfill": "^3.0.3"
			}
		},
		"fill-range": {
			"version": "7.0.1",
			"dev": true,
			"optional": true,
			"peer": true,
			"requires": {
				"to-regex-range": "^5.0.1"
			}
		},
		"finalhandler": {
			"version": "1.2.0",
			"dev": true,
			"requires": {
				"debug": "2.6.9",
				"encodeurl": "~1.0.2",
				"escape-html": "~1.0.3",
				"on-finished": "2.4.1",
				"parseurl": "~1.3.3",
				"statuses": "2.0.1",
				"unpipe": "~1.0.0"
			},
			"dependencies": {
				"debug": {
					"version": "2.6.9",
					"dev": true,
					"requires": {
						"ms": "2.0.0"
					}
				},
				"ms": {
					"version": "2.0.0",
					"dev": true
				}
			}
		},
		"fire": {
			"version": "npm:fire-lib-js@0.2.3"
		},
		"formdata-polyfill": {
			"version": "4.0.10",
			"dev": true,
			"requires": {
				"fetch-blob": "^3.1.2"
			}
		},
		"forwarded": {
			"version": "0.2.0",
			"dev": true
		},
		"fresh": {
			"version": "0.5.2",
			"dev": true
		},
		"function-bind": {
			"version": "1.1.1",
			"dev": true
		},
		"get-intrinsic": {
			"version": "1.2.0",
			"dev": true,
			"requires": {
				"function-bind": "^1.1.1",
				"has": "^1.0.3",
				"has-symbols": "^1.0.3"
			}
		},
		"glob-parent": {
			"version": "5.1.2",
			"dev": true,
			"optional": true,
			"peer": true,
			"requires": {
				"is-glob": "^4.0.1"
			}
		},
		"has": {
			"version": "1.0.3",
			"dev": true,
			"requires": {
				"function-bind": "^1.1.1"
			}
		},
		"has-symbols": {
			"version": "1.0.3",
			"dev": true
		},
		"http-errors": {
			"version": "2.0.0",
			"dev": true,
			"requires": {
				"depd": "2.0.0",
				"inherits": "2.0.4",
				"setprototypeof": "1.2.0",
				"statuses": "2.0.1",
				"toidentifier": "1.0.1"
			}
		},
		"iconv-lite": {
			"version": "0.4.24",
			"dev": true,
			"requires": {
				"safer-buffer": ">= 2.1.2 < 3"
			}
		},
		"immutable": {
			"version": "4.3.0",
			"dev": true,
			"optional": true,
			"peer": true
		},
		"inherits": {
			"version": "2.0.4",
			"dev": true
		},
		"ipaddr.js": {
			"version": "1.9.1",
			"dev": true
		},
		"is-binary-path": {
			"version": "2.1.0",
			"dev": true,
			"optional": true,
			"peer": true,
			"requires": {
				"binary-extensions": "^2.0.0"
			}
		},
		"is-extglob": {
			"version": "2.1.1",
			"dev": true,
			"optional": true,
			"peer": true
		},
		"is-glob": {
			"version": "4.0.3",
			"dev": true,
			"optional": true,
			"peer": true,
			"requires": {
				"is-extglob": "^2.1.1"
			}
		},
		"is-number": {
			"version": "7.0.0",
			"dev": true,
			"optional": true,
			"peer": true
		},
		"kleur": {
			"version": "4.1.5",
			"dev": true
		},
		"magic-string": {
			"version": "0.30.0",
			"dev": true,
			"requires": {
				"@jridgewell/sourcemap-codec": "^1.4.13"
			}
		},
		"media-typer": {
			"version": "0.3.0",
			"dev": true
		},
		"merge-descriptors": {
			"version": "1.0.1",
			"dev": true
		},
		"methods": {
			"version": "1.1.2",
			"dev": true
		},
		"mime": {
			"version": "1.6.0",
			"dev": true
		},
		"mime-db": {
			"version": "1.52.0",
			"dev": true
		},
		"mime-types": {
			"version": "2.1.35",
			"dev": true,
			"requires": {
				"mime-db": "1.52.0"
			}
		},
		"ms": {
			"version": "2.1.2",
			"dev": true
		},
		"nanoid": {
			"version": "3.3.6",
			"dev": true
		},
		"negotiator": {
			"version": "0.6.3",
			"dev": true
		},
		"node-domexception": {
			"version": "1.0.0",
			"dev": true
		},
		"node-fetch": {
			"version": "3.3.1",
			"dev": true,
			"requires": {
				"data-uri-to-buffer": "^4.0.0",
				"fetch-blob": "^3.1.4",
				"formdata-polyfill": "^4.0.10"
			}
		},
		"normalize-path": {
			"version": "3.0.0",
			"dev": true,
			"optional": true,
			"peer": true
		},
		"object-inspect": {
			"version": "1.12.3",
			"dev": true
		},
		"on-finished": {
			"version": "2.4.1",
			"dev": true,
			"requires": {
				"ee-first": "1.1.1"
			}
		},
		"parseurl": {
			"version": "1.3.3",
			"dev": true
		},
		"path-to-regexp": {
			"version": "0.1.7",
			"dev": true
		},
		"picocolors": {
			"version": "1.0.0",
			"dev": true
		},
		"picomatch": {
			"version": "2.3.1",
			"dev": true
		},
		"postcss": {
			"version": "8.4.23",
			"dev": true,
			"requires": {
				"nanoid": "^3.3.6",
				"picocolors": "^1.0.0",
				"source-map-js": "^1.0.2"
			}
		},
		"proxy-addr": {
			"version": "2.0.7",
			"dev": true,
			"requires": {
				"forwarded": "0.2.0",
				"ipaddr.js": "1.9.1"
			}
		},
		"qs": {
			"version": "6.11.0",
			"dev": true,
			"requires": {
				"side-channel": "^1.0.4"
			}
		},
		"range-parser": {
			"version": "1.2.1",
			"dev": true
		},
		"raw-body": {
			"version": "2.5.1",
			"dev": true,
			"requires": {
				"bytes": "3.1.2",
				"http-errors": "2.0.0",
				"iconv-lite": "0.4.24",
				"unpipe": "1.0.0"
			}
		},
		"readdirp": {
			"version": "3.6.0",
			"dev": true,
			"optional": true,
			"peer": true,
			"requires": {
				"picomatch": "^2.2.1"
			}
		},
		"rollup": {
			"version": "3.21.0",
			"dev": true,
			"requires": {
				"fsevents": "~2.3.2"
			}
		},
		"safe-buffer": {
			"version": "5.2.1",
			"dev": true
		},
		"safer-buffer": {
			"version": "2.1.2",
			"dev": true
		},
		"sass": {
			"version": "1.62.1",
			"dev": true,
			"optional": true,
			"peer": true,
			"requires": {
				"chokidar": ">=3.0.0 <4.0.0",
				"immutable": "^4.0.0",
				"source-map-js": ">=0.6.2 <2.0.0"
			}
		},
		"send": {
			"version": "0.18.0",
			"dev": true,
			"requires": {
				"debug": "2.6.9",
				"depd": "2.0.0",
				"destroy": "1.2.0",
				"encodeurl": "~1.0.2",
				"escape-html": "~1.0.3",
				"etag": "~1.8.1",
				"fresh": "0.5.2",
				"http-errors": "2.0.0",
				"mime": "1.6.0",
				"ms": "2.1.3",
				"on-finished": "2.4.1",
				"range-parser": "~1.2.1",
				"statuses": "2.0.1"
			},
			"dependencies": {
				"debug": {
					"version": "2.6.9",
					"dev": true,
					"requires": {
						"ms": "2.0.0"
					},
					"dependencies": {
						"ms": {
							"version": "2.0.0",
							"dev": true
						}
					}
				},
				"ms": {
					"version": "2.1.3",
					"dev": true
				}
			}
		},
		"serve-static": {
			"version": "1.15.0",
			"dev": true,
			"requires": {
				"encodeurl": "~1.0.2",
				"escape-html": "~1.0.3",
				"parseurl": "~1.3.3",
				"send": "0.18.0"
			}
		},
		"setprototypeof": {
			"version": "1.2.0",
			"dev": true
		},
		"side-channel": {
			"version": "1.0.4",
			"dev": true,
			"requires": {
				"call-bind": "^1.0.0",
				"get-intrinsic": "^1.0.2",
				"object-inspect": "^1.9.0"
			}
		},
		"source-map-js": {
			"version": "1.0.2",
			"dev": true
		},
		"statuses": {
			"version": "2.0.1",
			"dev": true
		},
		"svelte": {
			"version": "3.58.0",
			"dev": true
		},
		"svelte-hmr": {
			"version": "0.15.1",
			"dev": true,
			"requires": {}
		},
		"to-regex-range": {
			"version": "5.0.1",
			"dev": true,
			"optional": true,
			"peer": true,
			"requires": {
				"is-number": "^7.0.0"
			}
		},
		"toidentifier": {
			"version": "1.0.1",
			"dev": true
		},
		"type-is": {
			"version": "1.6.18",
			"dev": true,
			"requires": {
				"media-typer": "0.3.0",
				"mime-types": "~2.1.24"
			}
		},
		"unpipe": {
			"version": "1.0.0",
			"dev": true
		},
		"utils-merge": {
			"version": "1.0.1",
			"dev": true
		},
		"vary": {
			"version": "1.1.2",
			"dev": true
		},
		"vite": {
			"version": "4.3.3",
			"dev": true,
			"requires": {
				"esbuild": "^0.17.5",
				"fsevents": "~2.3.2",
				"postcss": "^8.4.23",
				"rollup": "^3.21.0"
			}
		},
		"vitefu": {
			"version": "0.2.4",
			"dev": true,
			"requires": {}
		},
		"web-streams-polyfill": {
			"version": "3.2.1",
			"dev": true
		}
	}
}
